
Microsoft Visual Studio Solution File, Format Version 12.00
# Visual Studio Version 17
VisualStudioVersion = 17.9.34728.123
MinimumVisualStudioVersion = 10.0.40219.1
Project("{2150E333-8FDC-42A3-9474-1A3956D46DE8}") = "DataTypes", "DataTypes", "{2F628DCF-EAF6-46D0-AD9D-442D6F59E9AC}"
EndProject
Project("{9A19103F-16F7-4668-BE54-9A1E7A4F7556}") = "ByteDataType", "ByteDataType\ByteDataType.csproj", "{D11BE498-B632-464B-BA79-9489E218F029}"
EndProject
Project("{9A19103F-16F7-4668-BE54-9A1E7A4F7556}") = "CharDataType", "CharDataType\CharDataType.csproj", "{91B67180-69CA-4186-B5AA-7D67BC323636}"
EndProject
Project("{9A19103F-16F7-4668-BE54-9A1E7A4F7556}") = "DoubleDataType", "DoubleDataType\DoubleDataType.csproj", "{A50B39A5-FD90-43BF-ACA9-6B3374779537}"
EndProject
Project("{9A19103F-16F7-4668-BE54-9A1E7A4F7556}") = "FloatDataType", "FloatDataType\FloatDataType.csproj", "{604891F9-8166-4185-8D4D-90BCA329C914}"
EndProject
Project("{9A19103F-16F7-4668-BE54-9A1E7A4F7556}") = "IntDataType", "IntDataType\IntDataType.csproj", "{8A00D665-F0F6-4819-8D7B-10E82981600D}"
EndProject
Project("{9A19103F-16F7-4668-BE54-9A1E7A4F7556}") = "LongDataType", "LongDataType\LongDataType.csproj", "{B0A4442C-347A-4969-A6B0-56E4549EE8D6}"
EndProject
Project("{9A19103F-16F7-4668-BE54-9A1E7A4F7556}") = "ObjectDataType", "ObjectDataType\ObjectDataType.csproj", "{CC75BA69-EA92-4D83-85C7-A9505F489579}"
EndProject
Project("{9A19103F-16F7-4668-BE54-9A1E7A4F7556}") = "ShortDataType", "ShortDataType\ShortDataType.csproj", "{7745B91D-2746-4A2A-99BC-C2E77EB9CC14}"
EndProject
Project("{9A19103F-16F7-4668-BE54-9A1E7A4F7556}") = "StringDataType", "StringDataType\StringDataType.csproj", "{5E6A619D-A7EF-49F3-99A7-87B7C7B9B597}"
EndProject
Project("{2150E333-8FDC-42A3-9474-1A3956D46DE8}") = "Operatorler", "Operatorler", "{6AF1CD84-E5D3-4DD0-89F1-9C1F62E6928B}"
EndProject
Project("{9A19103F-16F7-4668-BE54-9A1E7A4F7556}") = "ToplamaVeCıkarmaOperatoru", "Operatorler\ToplamaVeCıkarmaOperatoru\ToplamaVeCıkarmaOperatoru.csproj", "{77353FF4-ECCD-4761-975F-2991747E0F8A}"
EndProject
Project("{9A19103F-16F7-4668-BE54-9A1E7A4F7556}") = "ArttırmaVeAzaltmaOperatoru", "Operatorler\ArttırmaVeAzaltmaOperatoru\ArttırmaVeAzaltmaOperatoru.csproj", "{EF8D650F-AA41-4ED0-A477-8CF14FAB338F}"
EndProject
Project("{9A19103F-16F7-4668-BE54-9A1E7A4F7556}") = "CarpmaVeBolmeOperatoru", "Operatorler\CarpmaVeBolmeOperatoru\CarpmaVeBolmeOperatoru.csproj", "{21CC9C01-7B61-44B5-9FCC-C0D75C123365}"
EndProject
Project("{9A19103F-16F7-4668-BE54-9A1E7A4F7556}") = "ModAlmaOperatoru", "Operatorler\ModAlmaOperatoru\ModAlmaOperatoru.csproj", "{144963E4-FFC0-4301-8CCC-C816D5FB6590}"
EndProject
Project("{9A19103F-16F7-4668-BE54-9A1E7A4F7556}") = "Ornekler", "Operatorler\Ornekler\Ornekler.csproj", "{50632E43-34DD-4303-860F-C3426F23F1A0}"
EndProject
Project("{9A19103F-16F7-4668-BE54-9A1E7A4F7556}") = "AtamaOp", "Operatorler\AtamaOp\AtamaOp.csproj", "{304E3C05-54E1-4454-A273-8940EF174359}"
EndProject
Project("{9A19103F-16F7-4668-BE54-9A1E7A4F7556}") = "BirlesikAtamaOp", "Operatorler\BirlesikAtamaOp\BirlesikAtamaOp.csproj", "{0701D42A-35F0-48A9-81D6-697DD5887B75}"
EndProject
Project("{9A19103F-16F7-4668-BE54-9A1E7A4F7556}") = "BuyukturVeBuyukEsittirOp", "Operatorler\BuyukturVeBuyukEsittirOp\BuyukturVeBuyukEsittirOp.csproj", "{AF48787F-602C-48C7-A39A-34A611574ECB}"
EndProject
Project("{9A19103F-16F7-4668-BE54-9A1E7A4F7556}") = "EsittirOperatoru", "Operatorler\EsittirOperatoru\EsittirOperatoru.csproj", "{643B3C5B-05DE-44A6-9E11-9814D124138E}"
EndProject
Project("{9A19103F-16F7-4668-BE54-9A1E7A4F7556}") = "EsitDegildirOp", "Operatorler\EsitDegildirOp\EsitDegildirOp.csproj", "{583554A8-5F28-4D95-BB05-B881C60BBFF7}"
EndProject
Project("{9A19103F-16F7-4668-BE54-9A1E7A4F7556}") = "DegilOp", "Operatorler\DegilOp\DegilOp.csproj", "{01E88D36-343E-40B1-B841-C61A78DF277B}"
EndProject
Project("{9A19103F-16F7-4668-BE54-9A1E7A4F7556}") = "KucukturVeKucukEsittirOp", "Operatorler\KucukturVeKucukEsittirOp\KucukturVeKucukEsittirOp.csproj", "{00465ACC-B8FC-49E0-85F1-1D598CA1A68C}"
EndProject
Project("{9A19103F-16F7-4668-BE54-9A1E7A4F7556}") = "VeOperatoru", "Operatorler\VeOperatoru\VeOperatoru.csproj", "{8C3C6862-FB70-4999-A969-462BA815D715}"
EndProject
Project("{FAE04EC0-301F-11D3-BF4B-00C04F79EFBC}") = "VeyaOp", "Operatorler\VeyaOp\VeyaOp.csproj", "{5AFD16D3-5D41-4F87-9CA9-9E195C462887}"
EndProject
Project("{2150E333-8FDC-42A3-9474-1A3956D46DE8}") = "KararYapıları", "KararYapıları", "{327F17AC-1AAA-4A0A-8E0F-5BF4D9E0282A}"
EndProject
Project("{FAE04EC0-301F-11D3-BF4B-00C04F79EFBC}") = "IfYapilari", "KararYapıları\IfYapilari\IfYapilari.csproj", "{1C87702E-4754-4EFD-BF5F-378F3216E025}"
EndProject
Project("{FAE04EC0-301F-11D3-BF4B-00C04F79EFBC}") = "IfElseYapisi", "KararYapıları\IfElseYapisi\IfElseYapisi.csproj", "{AEE088B7-FCF9-45D1-B8B5-D8AEFF431529}"
EndProject
Project("{FAE04EC0-301F-11D3-BF4B-00C04F79EFBC}") = "IfElseIfYapisi", "KararYapıları\IfElseIfYapisi\IfElseIfYapisi.csproj", "{C7F3D501-A156-4F0D-ACB2-A0AB22C3C8CD}"
EndProject
Global
	GlobalSection(SolutionConfigurationPlatforms) = preSolution
		Debug|Any CPU = Debug|Any CPU
		Release|Any CPU = Release|Any CPU
	EndGlobalSection
	GlobalSection(ProjectConfigurationPlatforms) = postSolution
		{D11BE498-B632-464B-BA79-9489E218F029}.Debug|Any CPU.ActiveCfg = Debug|Any CPU
		{D11BE498-B632-464B-BA79-9489E218F029}.Debug|Any CPU.Build.0 = Debug|Any CPU
		{D11BE498-B632-464B-BA79-9489E218F029}.Release|Any CPU.ActiveCfg = Release|Any CPU
		{D11BE498-B632-464B-BA79-9489E218F029}.Release|Any CPU.Build.0 = Release|Any CPU
		{91B67180-69CA-4186-B5AA-7D67BC323636}.Debug|Any CPU.ActiveCfg = Debug|Any CPU
		{91B67180-69CA-4186-B5AA-7D67BC323636}.Debug|Any CPU.Build.0 = Debug|Any CPU
		{91B67180-69CA-4186-B5AA-7D67BC323636}.Release|Any CPU.ActiveCfg = Release|Any CPU
		{91B67180-69CA-4186-B5AA-7D67BC323636}.Release|Any CPU.Build.0 = Release|Any CPU
		{A50B39A5-FD90-43BF-ACA9-6B3374779537}.Debug|Any CPU.ActiveCfg = Debug|Any CPU
		{A50B39A5-FD90-43BF-ACA9-6B3374779537}.Debug|Any CPU.Build.0 = Debug|Any CPU
		{A50B39A5-FD90-43BF-ACA9-6B3374779537}.Release|Any CPU.ActiveCfg = Release|Any CPU
		{A50B39A5-FD90-43BF-ACA9-6B3374779537}.Release|Any CPU.Build.0 = Release|Any CPU
		{604891F9-8166-4185-8D4D-90BCA329C914}.Debug|Any CPU.ActiveCfg = Debug|Any CPU
		{604891F9-8166-4185-8D4D-90BCA329C914}.Debug|Any CPU.Build.0 = Debug|Any CPU
		{604891F9-8166-4185-8D4D-90BCA329C914}.Release|Any CPU.ActiveCfg = Release|Any CPU
		{604891F9-8166-4185-8D4D-90BCA329C914}.Release|Any CPU.Build.0 = Release|Any CPU
		{8A00D665-F0F6-4819-8D7B-10E82981600D}.Debug|Any CPU.ActiveCfg = Debug|Any CPU
		{8A00D665-F0F6-4819-8D7B-10E82981600D}.Debug|Any CPU.Build.0 = Debug|Any CPU
		{8A00D665-F0F6-4819-8D7B-10E82981600D}.Release|Any CPU.ActiveCfg = Release|Any CPU
		{8A00D665-F0F6-4819-8D7B-10E82981600D}.Release|Any CPU.Build.0 = Release|Any CPU
		{B0A4442C-347A-4969-A6B0-56E4549EE8D6}.Debug|Any CPU.ActiveCfg = Debug|Any CPU
		{B0A4442C-347A-4969-A6B0-56E4549EE8D6}.Debug|Any CPU.Build.0 = Debug|Any CPU
		{B0A4442C-347A-4969-A6B0-56E4549EE8D6}.Release|Any CPU.ActiveCfg = Release|Any CPU
		{B0A4442C-347A-4969-A6B0-56E4549EE8D6}.Release|Any CPU.Build.0 = Release|Any CPU
		{CC75BA69-EA92-4D83-85C7-A9505F489579}.Debug|Any CPU.ActiveCfg = Debug|Any CPU
		{CC75BA69-EA92-4D83-85C7-A9505F489579}.Debug|Any CPU.Build.0 = Debug|Any CPU
		{CC75BA69-EA92-4D83-85C7-A9505F489579}.Release|Any CPU.ActiveCfg = Release|Any CPU
		{CC75BA69-EA92-4D83-85C7-A9505F489579}.Release|Any CPU.Build.0 = Release|Any CPU
		{7745B91D-2746-4A2A-99BC-C2E77EB9CC14}.Debug|Any CPU.ActiveCfg = Debug|Any CPU
		{7745B91D-2746-4A2A-99BC-C2E77EB9CC14}.Debug|Any CPU.Build.0 = Debug|Any CPU
		{7745B91D-2746-4A2A-99BC-C2E77EB9CC14}.Release|Any CPU.ActiveCfg = Release|Any CPU
		{7745B91D-2746-4A2A-99BC-C2E77EB9CC14}.Release|Any CPU.Build.0 = Release|Any CPU
		{5E6A619D-A7EF-49F3-99A7-87B7C7B9B597}.Debug|Any CPU.ActiveCfg = Debug|Any CPU
		{5E6A619D-A7EF-49F3-99A7-87B7C7B9B597}.Debug|Any CPU.Build.0 = Debug|Any CPU
		{5E6A619D-A7EF-49F3-99A7-87B7C7B9B597}.Release|Any CPU.ActiveCfg = Release|Any CPU
		{5E6A619D-A7EF-49F3-99A7-87B7C7B9B597}.Release|Any CPU.Build.0 = Release|Any CPU
		{77353FF4-ECCD-4761-975F-2991747E0F8A}.Debug|Any CPU.ActiveCfg = Debug|Any CPU
		{77353FF4-ECCD-4761-975F-2991747E0F8A}.Debug|Any CPU.Build.0 = Debug|Any CPU
		{77353FF4-ECCD-4761-975F-2991747E0F8A}.Release|Any CPU.ActiveCfg = Release|Any CPU
		{77353FF4-ECCD-4761-975F-2991747E0F8A}.Release|Any CPU.Build.0 = Release|Any CPU
		{EF8D650F-AA41-4ED0-A477-8CF14FAB338F}.Debug|Any CPU.ActiveCfg = Debug|Any CPU
		{EF8D650F-AA41-4ED0-A477-8CF14FAB338F}.Debug|Any CPU.Build.0 = Debug|Any CPU
		{EF8D650F-AA41-4ED0-A477-8CF14FAB338F}.Release|Any CPU.ActiveCfg = Release|Any CPU
		{EF8D650F-AA41-4ED0-A477-8CF14FAB338F}.Release|Any CPU.Build.0 = Release|Any CPU
		{21CC9C01-7B61-44B5-9FCC-C0D75C123365}.Debug|Any CPU.ActiveCfg = Debug|Any CPU
		{21CC9C01-7B61-44B5-9FCC-C0D75C123365}.Debug|Any CPU.Build.0 = Debug|Any CPU
		{21CC9C01-7B61-44B5-9FCC-C0D75C123365}.Release|Any CPU.ActiveCfg = Release|Any CPU
		{21CC9C01-7B61-44B5-9FCC-C0D75C123365}.Release|Any CPU.Build.0 = Release|Any CPU
		{144963E4-FFC0-4301-8CCC-C816D5FB6590}.Debug|Any CPU.ActiveCfg = Debug|Any CPU
		{144963E4-FFC0-4301-8CCC-C816D5FB6590}.Debug|Any CPU.Build.0 = Debug|Any CPU
		{144963E4-FFC0-4301-8CCC-C816D5FB6590}.Release|Any CPU.ActiveCfg = Release|Any CPU
		{144963E4-FFC0-4301-8CCC-C816D5FB6590}.Release|Any CPU.Build.0 = Release|Any CPU
		{50632E43-34DD-4303-860F-C3426F23F1A0}.Debug|Any CPU.ActiveCfg = Debug|Any CPU
		{50632E43-34DD-4303-860F-C3426F23F1A0}.Debug|Any CPU.Build.0 = Debug|Any CPU
		{50632E43-34DD-4303-860F-C3426F23F1A0}.Release|Any CPU.ActiveCfg = Release|Any CPU
		{50632E43-34DD-4303-860F-C3426F23F1A0}.Release|Any CPU.Build.0 = Release|Any CPU
		{304E3C05-54E1-4454-A273-8940EF174359}.Debug|Any CPU.ActiveCfg = Debug|Any CPU
		{304E3C05-54E1-4454-A273-8940EF174359}.Debug|Any CPU.Build.0 = Debug|Any CPU
		{304E3C05-54E1-4454-A273-8940EF174359}.Release|Any CPU.ActiveCfg = Release|Any CPU
		{304E3C05-54E1-4454-A273-8940EF174359}.Release|Any CPU.Build.0 = Release|Any CPU
		{0701D42A-35F0-48A9-81D6-697DD5887B75}.Debug|Any CPU.ActiveCfg = Debug|Any CPU
		{0701D42A-35F0-48A9-81D6-697DD5887B75}.Debug|Any CPU.Build.0 = Debug|Any CPU
		{0701D42A-35F0-48A9-81D6-697DD5887B75}.Release|Any CPU.ActiveCfg = Release|Any CPU
		{0701D42A-35F0-48A9-81D6-697DD5887B75}.Release|Any CPU.Build.0 = Release|Any CPU
		{AF48787F-602C-48C7-A39A-34A611574ECB}.Debug|Any CPU.ActiveCfg = Debug|Any CPU
		{AF48787F-602C-48C7-A39A-34A611574ECB}.Debug|Any CPU.Build.0 = Debug|Any CPU
		{AF48787F-602C-48C7-A39A-34A611574ECB}.Release|Any CPU.ActiveCfg = Release|Any CPU
		{AF48787F-602C-48C7-A39A-34A611574ECB}.Release|Any CPU.Build.0 = Release|Any CPU
		{643B3C5B-05DE-44A6-9E11-9814D124138E}.Debug|Any CPU.ActiveCfg = Debug|Any CPU
		{643B3C5B-05DE-44A6-9E11-9814D124138E}.Debug|Any CPU.Build.0 = Debug|Any CPU
		{643B3C5B-05DE-44A6-9E11-9814D124138E}.Release|Any CPU.ActiveCfg = Release|Any CPU
		{643B3C5B-05DE-44A6-9E11-9814D124138E}.Release|Any CPU.Build.0 = Release|Any CPU
		{583554A8-5F28-4D95-BB05-B881C60BBFF7}.Debug|Any CPU.ActiveCfg = Debug|Any CPU
		{583554A8-5F28-4D95-BB05-B881C60BBFF7}.Debug|Any CPU.Build.0 = Debug|Any CPU
		{583554A8-5F28-4D95-BB05-B881C60BBFF7}.Release|Any CPU.ActiveCfg = Release|Any CPU
		{583554A8-5F28-4D95-BB05-B881C60BBFF7}.Release|Any CPU.Build.0 = Release|Any CPU
		{01E88D36-343E-40B1-B841-C61A78DF277B}.Debug|Any CPU.ActiveCfg = Debug|Any CPU
		{01E88D36-343E-40B1-B841-C61A78DF277B}.Debug|Any CPU.Build.0 = Debug|Any CPU
		{01E88D36-343E-40B1-B841-C61A78DF277B}.Release|Any CPU.ActiveCfg = Release|Any CPU
		{01E88D36-343E-40B1-B841-C61A78DF277B}.Release|Any CPU.Build.0 = Release|Any CPU
		{00465ACC-B8FC-49E0-85F1-1D598CA1A68C}.Debug|Any CPU.ActiveCfg = Debug|Any CPU
		{00465ACC-B8FC-49E0-85F1-1D598CA1A68C}.Debug|Any CPU.Build.0 = Debug|Any CPU
		{00465ACC-B8FC-49E0-85F1-1D598CA1A68C}.Release|Any CPU.ActiveCfg = Release|Any CPU
		{00465ACC-B8FC-49E0-85F1-1D598CA1A68C}.Release|Any CPU.Build.0 = Release|Any CPU
		{8C3C6862-FB70-4999-A969-462BA815D715}.Debug|Any CPU.ActiveCfg = Debug|Any CPU
		{8C3C6862-FB70-4999-A969-462BA815D715}.Debug|Any CPU.Build.0 = Debug|Any CPU
		{8C3C6862-FB70-4999-A969-462BA815D715}.Release|Any CPU.ActiveCfg = Release|Any CPU
		{8C3C6862-FB70-4999-A969-462BA815D715}.Release|Any CPU.Build.0 = Release|Any CPU
		{5AFD16D3-5D41-4F87-9CA9-9E195C462887}.Debug|Any CPU.ActiveCfg = Debug|Any CPU
		{5AFD16D3-5D41-4F87-9CA9-9E195C462887}.Debug|Any CPU.Build.0 = Debug|Any CPU
		{5AFD16D3-5D41-4F87-9CA9-9E195C462887}.Release|Any CPU.ActiveCfg = Release|Any CPU
		{5AFD16D3-5D41-4F87-9CA9-9E195C462887}.Release|Any CPU.Build.0 = Release|Any CPU
		{1C87702E-4754-4EFD-BF5F-378F3216E025}.Debug|Any CPU.ActiveCfg = Debug|Any CPU
		{1C87702E-4754-4EFD-BF5F-378F3216E025}.Debug|Any CPU.Build.0 = Debug|Any CPU
		{1C87702E-4754-4EFD-BF5F-378F3216E025}.Release|Any CPU.ActiveCfg = Release|Any CPU
		{1C87702E-4754-4EFD-BF5F-378F3216E025}.Release|Any CPU.Build.0 = Release|Any CPU
		{AEE088B7-FCF9-45D1-B8B5-D8AEFF431529}.Debug|Any CPU.ActiveCfg = Debug|Any CPU
		{AEE088B7-FCF9-45D1-B8B5-D8AEFF431529}.Debug|Any CPU.Build.0 = Debug|Any CPU
		{AEE088B7-FCF9-45D1-B8B5-D8AEFF431529}.Release|Any CPU.ActiveCfg = Release|Any CPU
		{AEE088B7-FCF9-45D1-B8B5-D8AEFF431529}.Release|Any CPU.Build.0 = Release|Any CPU
		{C7F3D501-A156-4F0D-ACB2-A0AB22C3C8CD}.Debug|Any CPU.ActiveCfg = Debug|Any CPU
		{C7F3D501-A156-4F0D-ACB2-A0AB22C3C8CD}.Debug|Any CPU.Build.0 = Debug|Any CPU
		{C7F3D501-A156-4F0D-ACB2-A0AB22C3C8CD}.Release|Any CPU.ActiveCfg = Release|Any CPU
		{C7F3D501-A156-4F0D-ACB2-A0AB22C3C8CD}.Release|Any CPU.Build.0 = Release|Any CPU
	EndGlobalSection
	GlobalSection(SolutionProperties) = preSolution
		HideSolutionNode = FALSE
	EndGlobalSection
	GlobalSection(NestedProjects) = preSolution
		{CC75BA69-EA92-4D83-85C7-A9505F489579} = {2F628DCF-EAF6-46D0-AD9D-442D6F59E9AC}
		{7745B91D-2746-4A2A-99BC-C2E77EB9CC14} = {2F628DCF-EAF6-46D0-AD9D-442D6F59E9AC}
		{5E6A619D-A7EF-49F3-99A7-87B7C7B9B597} = {2F628DCF-EAF6-46D0-AD9D-442D6F59E9AC}
		{77353FF4-ECCD-4761-975F-2991747E0F8A} = {6AF1CD84-E5D3-4DD0-89F1-9C1F62E6928B}
		{EF8D650F-AA41-4ED0-A477-8CF14FAB338F} = {6AF1CD84-E5D3-4DD0-89F1-9C1F62E6928B}
		{21CC9C01-7B61-44B5-9FCC-C0D75C123365} = {6AF1CD84-E5D3-4DD0-89F1-9C1F62E6928B}
		{144963E4-FFC0-4301-8CCC-C816D5FB6590} = {6AF1CD84-E5D3-4DD0-89F1-9C1F62E6928B}
		{50632E43-34DD-4303-860F-C3426F23F1A0} = {6AF1CD84-E5D3-4DD0-89F1-9C1F62E6928B}
		{304E3C05-54E1-4454-A273-8940EF174359} = {6AF1CD84-E5D3-4DD0-89F1-9C1F62E6928B}
		{0701D42A-35F0-48A9-81D6-697DD5887B75} = {6AF1CD84-E5D3-4DD0-89F1-9C1F62E6928B}
		{AF48787F-602C-48C7-A39A-34A611574ECB} = {6AF1CD84-E5D3-4DD0-89F1-9C1F62E6928B}
		{643B3C5B-05DE-44A6-9E11-9814D124138E} = {6AF1CD84-E5D3-4DD0-89F1-9C1F62E6928B}
		{583554A8-5F28-4D95-BB05-B881C60BBFF7} = {6AF1CD84-E5D3-4DD0-89F1-9C1F62E6928B}
		{01E88D36-343E-40B1-B841-C61A78DF277B} = {6AF1CD84-E5D3-4DD0-89F1-9C1F62E6928B}
		{00465ACC-B8FC-49E0-85F1-1D598CA1A68C} = {6AF1CD84-E5D3-4DD0-89F1-9C1F62E6928B}
		{8C3C6862-FB70-4999-A969-462BA815D715} = {6AF1CD84-E5D3-4DD0-89F1-9C1F62E6928B}
		{5AFD16D3-5D41-4F87-9CA9-9E195C462887} = {6AF1CD84-E5D3-4DD0-89F1-9C1F62E6928B}
		{1C87702E-4754-4EFD-BF5F-378F3216E025} = {327F17AC-1AAA-4A0A-8E0F-5BF4D9E0282A}
		{AEE088B7-FCF9-45D1-B8B5-D8AEFF431529} = {327F17AC-1AAA-4A0A-8E0F-5BF4D9E0282A}
		{C7F3D501-A156-4F0D-ACB2-A0AB22C3C8CD} = {327F17AC-1AAA-4A0A-8E0F-5BF4D9E0282A}
	EndGlobalSection
	GlobalSection(ExtensibilityGlobals) = postSolution
		SolutionGuid = {3DD2D08A-4719-4B3B-8DC8-F4E711AD68EA}
	EndGlobalSection
EndGlobal
